// !$*UTF8*$!
{
	archiveVersion = 1;
	classes = {
	};
	objectVersion = 46;
	objects = {

/* Begin PBXBuildFile section */
		511FB8D51D6886EF0044D894 /* StandardErrorOutputStream.swift in Sources */ = {isa = PBXBuildFile; fileRef = 511FB8D41D6886EF0044D894 /* StandardErrorOutputStream.swift */; };
		512D792F1D60AFA20083491D /* main.swift in Sources */ = {isa = PBXBuildFile; fileRef = 512D792E1D60AFA20083491D /* main.swift */; };
		51D448A41D6142A2004B21D8 /* Dir2XmlItem.swift in Sources */ = {isa = PBXBuildFile; fileRef = 51D448A31D6142A2004B21D8 /* Dir2XmlItem.swift */; };
/* End PBXBuildFile section */

/* Begin PBXCopyFilesBuildPhase section */
		512D79291D60AFA20083491D /* CopyFiles */ = {
			isa = PBXCopyFilesBuildPhase;
			buildActionMask = 2147483647;
			dstPath = /usr/share/man/man1/;
			dstSubfolderSpec = 0;
			files = (
			);
			runOnlyForDeploymentPostprocessing = 1;
		};
/* End PBXCopyFilesBuildPhase section */

/* Begin PBXFileReference section */
		511FB8D41D6886EF0044D894 /* StandardErrorOutputStream.swift */ = {isa = PBXFileReference; fileEncoding = 4; lastKnownFileType = sourcecode.swift; path = StandardErrorOutputStream.swift; sourceTree = "<group>"; };
		512D792B1D60AFA20083491D /* dir2xml */ = {isa = PBXFileReference; explicitFileType = "compiled.mach-o.executable"; includeInIndex = 0; path = dir2xml; sourceTree = BUILT_PRODUCTS_DIR; };
		512D792E1D60AFA20083491D /* main.swift */ = {isa = PBXFileReference; lastKnownFileType = sourcecode.swift; path = main.swift; sourceTree = "<group>"; };
		51D448A31D6142A2004B21D8 /* Dir2XmlItem.swift */ = {isa = PBXFileReference; fileEncoding = 4; lastKnownFileType = sourcecode.swift; path = Dir2XmlItem.swift; sourceTree = "<group>"; };
/* End PBXFileReference section */

/* Begin PBXFrameworksBuildPhase section */
		512D79281D60AFA20083491D /* Frameworks */ = {
			isa = PBXFrameworksBuildPhase;
			buildActionMask = 2147483647;
			files = (
			);
			runOnlyForDeploymentPostprocessing = 0;
		};
/* End PBXFrameworksBuildPhase section */

/* Begin PBXGroup section */
		512D79221D60AFA10083491D = {
			isa = PBXGroup;
			children = (
				512D792D1D60AFA20083491D /* dir2xml */,
				512D792C1D60AFA20083491D /* Products */,
			);
			sourceTree = "<group>";
		};
		512D792C1D60AFA20083491D /* Products */ = {
			isa = PBXGroup;
			children = (
				512D792B1D60AFA20083491D /* dir2xml */,
			);
			name = Products;
			sourceTree = "<group>";
		};
		512D792D1D60AFA20083491D /* dir2xml */ = {
			isa = PBXGroup;
			children = (
				512D792E1D60AFA20083491D /* main.swift */,
				51D448A31D6142A2004B21D8 /* Dir2XmlItem.swift */,
				511FB8D41D6886EF0044D894 /* StandardErrorOutputStream.swift */,
			);
			path = dir2xml;
			sourceTree = "<group>";
		};
/* End PBXGroup section */

/* Begin PBXNativeTarget section */
		512D792A1D60AFA20083491D /* dir2xml */ = {
			isa = PBXNativeTarget;
			buildConfigurationList = 512D79321D60AFA20083491D /* Build configuration list for PBXNativeTarget "dir2xml" */;
			buildPhases = (
				512D79271D60AFA20083491D /* Sources */,
				512D79281D60AFA20083491D /* Frameworks */,
				512D79291D60AFA20083491D /* CopyFiles */,
			);
			buildRules = (
			);
			dependencies = (
			);
			name = dir2xml;
			productName = dir2xml;
			productReference = 512D792B1D60AFA20083491D /* dir2xml */;
			productType = "com.apple.product-type.tool";
		};
/* End PBXNativeTarget section */

/* Begin PBXProject section */
		512D79231D60AFA10083491D /* Project object */ = {
			isa = PBXProject;
			attributes = {
				LastSwiftUpdateCheck = 0730;
				LastUpgradeCheck = 0820;
				ORGANIZATIONNAME = "Paul Sobolik";
				TargetAttributes = {
					512D792A1D60AFA20083491D = {
						CreatedOnToolsVersion = 7.3.1;
						LastSwiftMigration = 0820;
					};
				};
			};
			buildConfigurationList = 512D79261D60AFA10083491D /* Build configuration list for PBXProject "dir2xml" */;
			compatibilityVersion = "Xcode 3.2";
			developmentRegion = English;
			hasScannedForEncodings = 0;
			knownRegions = (
				en,
			);
			mainGroup = 512D79221D60AFA10083491D;
			productRefGroup = 512D792C1D60AFA20083491D /* Products */;
			projectDirPath = "";
			projectRoot = "";
			targets = (
				512D792A1D60AFA20083491D /* dir2xml */,
			);
		};
/* End PBXProject section */

/* Begin PBXSourcesBuildPhase section */
		512D79271D60AFA20083491D /* Sources */ = {
			isa = PBXSourcesBuildPhase;
			buildActionMask = 2147483647;
			files = (
				511FB8D51D6886EF0044D894 /* StandardErrorOutputStream.swift in Sources */,
				51D448A41D6142A2004B21D8 /* Dir2XmlItem.swift in Sources */,
				512D792F1D60AFA20083491D /* main.swift in Sources */,
			);
			runOnlyForDeploymentPostprocessing = 0;
		};
/* End PBXSourcesBuildPhase section */

/* Begin XCBuildConfiguration section */
		512D79301D60AFA20083491D /* Debug */ = {
			isa = XCBuildConfiguration;
			buildSettings = {
				ALWAYS_SEARCH_USER_PATHS = NO;
				CLANG_ANALYZER_NONNULL = YES;
				CLANG_CXX_LANGUAGE_STANDARD = "gnu++0x";
				CLANG_CXX_LIBRARY = "libc++";
				CLANG_ENABLE_MODULES = YES;
				CLANG_ENABLE_OBJC_ARC = YES;
				CLANG_WARN_BOOL_CONVERSION = YES;
				CLANG_WARN_CONSTANT_CONVERSION = YES;
				CLANG_WARN_DIRECT_OBJC_ISA_USAGE = YES_ERROR;
				CLANG_WARN_EMPTY_BODY = YES;
				CLANG_WARN_ENUM_CONVERSION = YES;
				CLANG_WARN_INFINITE_RECURSION = YES;
				CLANG_WARN_INT_CONVERSION = YES;
				CLANG_WARN_OBJC_ROOT_CLASS = YES_ERROR;
				CLANG_WARN_SUSPICIOUS_MOVE = YES;
				CLANG_WARN_UNREACHABLE_CODE = YES;
				CLANG_WARN__DUPLICATE_METHOD_MATCH = YES;
				CODE_SIGN_IDENTITY = "-";
				COPY_PHASE_STRIP = NO;
				DEBUG_INFORMATION_FORMAT = dwarf;
				ENABLE_STRICT_OBJC_MSGSEND = YES;
				ENABLE_TESTABILITY = YES;
				GCC_C_LANGUAGE_STANDARD = gnu99;
				GCC_DYNAMIC_NO_PIC = NO;
				GCC_NO_COMMON_BLOCKS = YES;
				GCC_OPTIMIZATION_LEVEL = 0;
				GCC_PREPROCESSOR_DEFINITIONS = (
					"DEBUG=1",
					"$(inherited)",
				);
				GCC_WARN_64_TO_32_BIT_CONVERSION = YES;
				GCC_WARN_ABOUT_RETURN_TYPE = YES_ERROR;
				GCC_WARN_UNDECLARED_SELECTOR = YES;
				GCC_WARN_UNINITIALIZED_AUTOS = YES_AGGRESSIVE;
				GCC_WARN_UNUSED_FUNCTION = YES;
				GCC_WARN_UNUSED_VARIABLE = YES;
				MACOSX_DEPLOYMENT_TARGET = 10.11;
				MTL_ENABLE_DEBUG_INFO = YES;
				ONLY_ACTIVE_ARCH = YES;
				SDKROOT = macosx;
				SWIFT_OPTIMIZATION_LEVEL = "-Onone";
				SWIFT_VERSION = "";
			};
			name = Debug;
		};
		512D79311D60AFA20083491D /* Release */ = {
			isa = XCBuildConfiguration;
			buildSettings = {
				ALWAYS_SEARCH_USER_PATHS = NO;
				CLANG_ANALYZER_NONNULL = YES;
				CLANG_CXX_LANGUAGE_STANDARD = "gnu++0x";
				CLANG_CXX_LIBRARY = "libc++";
				CLANG_ENABLE_MODULES = YES;
				CLANG_ENABLE_OBJC_ARC = YES;
				CLANG_WARN_BOOL_CONVERSION = YES;
				CLANG_WARN_CONSTANT_CONVERSION = YES;
				CLANG_WARN_DIRECT_OBJC_ISA_USAGE = YES_ERROR;
				CLANG_WARN_EMPTY_BODY = YES;
				CLANG_WARN_ENUM_CONVERSION = YES;
				CLANG_WARN_INFINITE_RECURSION = YES;
				CLANG_WARN_INT_CONVERSION = YES;
				CLANG_WARN_OBJC_ROOT_CLASS = YES_ERROR;
				CLANG_WARN_SUSPICIOUS_MOVE = YES;
				CLANG_WARN_UNREACHABLE_CODE = YES;
				CLANG_WARN__DUPLICATE_METHOD_MATCH = YES;
				CODE_SIGN_IDENTITY = "-";
				COPY_PHASE_STRIP = NO;
				DEBUG_INFORMATION_FORMAT = "dwarf-with-dsym";
				ENABLE_NS_ASSERTIONS = NO;
				ENABLE_STRICT_OBJC_MSGSEND = YES;
				GCC_C_LANGUAGE_STANDARD = gnu99;
				GCC_NO_COMMON_BLOCKS = YES;
				GCC_WARN_64_TO_32_BIT_CONVERSION = YES;
				GCC_WARN_ABOUT_RETURN_TYPE = YES_ERROR;
				GCC_WARN_UNDECLARED_SELECTOR = YES;
				GCC_WARN_UNINITIALIZED_AUTOS = YES_AGGRESSIVE;
				GCC_WARN_UNUSED_FUNCTION = YES;
				GCC_WARN_UNUSED_VARIABLE = YES;
				MACOSX_DEPLOYMENT_TARGET = 10.11;
				MTL_ENABLE_DEBUG_INFO = NO;
				SDKROOT = macosx;
				SWIFT_OPTIMIZATION_LEVEL = "-Owholemodule";
				SWIFT_VERSION = "";
			};
			name = Release;
		};
		512D79331D60AFA20083491D /* Debug */ = {
			isa = XCBuildConfiguration;
			buildSettings = {
				PRODUCT_NAME = "$(TARGET_NAME)";
				SWIFT_VERSION = 3.0;
			};
			name = Debug;
		};
		512D79341D60AFA20083491D /* Release */ = {
			isa = XCBuildConfiguration;
			buildSettings = {
				PRODUCT_NAME = "$(TARGET_NAME)";
				SWIFT_VERSION = 3.0;
			};
			name = Release;
		};
/* End XCBuildConfiguration section */

/* Begin XCConfigurationList section */
		512D79261D60AFA10083491D /* Build configuration list for PBXProject "dir2xml" */ = {
			isa = XCConfigurationList;
			buildConfigurations = (
				512D79301D60AFA20083491D /* Debug */,
				512D79311D60AFA20083491D /* Release */,
			);
			defaultConfigurationIsVisible = 0;
			defaultConfigurationName = Release;
		};
		512D79321D60AFA20083491D /* Build configuration list for PBXNativeTarget "dir2xml" */ = {
			isa = XCConfigurationList;
			buildConfigurations = (
				512D79331D60AFA20083491D /* Debug */,
				512D79341D60AFA20083491D /* Release */,
			);
			defaultConfigurationIsVisible = 0;
			defaultConfigurationName = Release;
		};
/* End XCConfigurationList section */
	};
	rootObject = 512D79231D60AFA10083491D /* Project object */;
}
